
Microsoft Visual Studio Solution File, Format Version 12.00
# Visual Studio 15
VisualStudioVersion = 15.0.28307.572
MinimumVisualStudioVersion = 10.0.40219.1
Project("{9A19103F-16F7-4668-BE54-9A1E7A4F7556}") = "OOPS", "OOPS\OOPS.csproj", "{6A6CDB66-56EA-4CCA-961D-52F3B31C04C6}"
EndProject
Project("{9A19103F-16F7-4668-BE54-9A1E7A4F7556}") = "StockMarket", "StockMarket\StockMarket.csproj", "{2AD08801-AF8A-46CD-AF5F-927D7A97D4CC}"
EndProject
Project("{FAE04EC0-301F-11D3-BF4B-00C04F79EFBC}") = "WindowsFormsApp1", "WindowsFormsApp1\WindowsFormsApp1.csproj", "{241E204C-66E1-444E-8748-E641E169EF4B}"
EndProject
Global
	GlobalSection(SolutionConfigurationPlatforms) = preSolution
		Debug|Any CPU = Debug|Any CPU
		Release|Any CPU = Release|Any CPU
	EndGlobalSection
	GlobalSection(ProjectConfigurationPlatforms) = postSolution
		{6A6CDB66-56EA-4CCA-961D-52F3B31C04C6}.Debug|Any CPU.ActiveCfg = Debug|Any CPU
		{6A6CDB66-56EA-4CCA-961D-52F3B31C04C6}.Debug|Any CPU.Build.0 = Debug|Any CPU
		{6A6CDB66-56EA-4CCA-961D-52F3B31C04C6}.Release|Any CPU.ActiveCfg = Release|Any CPU
		{6A6CDB66-56EA-4CCA-961D-52F3B31C04C6}.Release|Any CPU.Build.0 = Release|Any CPU
		{2AD08801-AF8A-46CD-AF5F-927D7A97D4CC}.Debug|Any CPU.ActiveCfg = Debug|Any CPU
		{2AD08801-AF8A-46CD-AF5F-927D7A97D4CC}.Debug|Any CPU.Build.0 = Debug|Any CPU
		{2AD08801-AF8A-46CD-AF5F-927D7A97D4CC}.Release|Any CPU.ActiveCfg = Release|Any CPU
		{2AD08801-AF8A-46CD-AF5F-927D7A97D4CC}.Release|Any CPU.Build.0 = Release|Any CPU
		{241E204C-66E1-444E-8748-E641E169EF4B}.Debug|Any CPU.ActiveCfg = Debug|Any CPU
		{241E204C-66E1-444E-8748-E641E169EF4B}.Debug|Any CPU.Build.0 = Debug|Any CPU
		{241E204C-66E1-444E-8748-E641E169EF4B}.Release|Any CPU.ActiveCfg = Release|Any CPU
		{241E204C-66E1-444E-8748-E641E169EF4B}.Release|Any CPU.Build.0 = Release|Any CPU
	EndGlobalSection
	GlobalSection(SolutionProperties) = preSolution
		HideSolutionNode = FALSE
	EndGlobalSection
	GlobalSection(ExtensibilityGlobals) = postSolution
		SolutionGuid = {6A900A04-808F-466B-BEAD-076F0DA94AAC}
	EndGlobalSection
EndGlobal
